
Microsoft Visual Studio Solution File, Format Version 12.00
# Visual Studio 15
VisualStudioVersion = 15.0.28307.329
MinimumVisualStudioVersion = 10.0.40219.1
Project("{9A19103F-16F7-4668-BE54-9A1E7A4F7556}") = "PEIUToolkit.Core", "PEIUToolkit.Core\PEIUToolkit.Core.csproj", "{03A52DB1-9D1E-401C-8F0D-E4BDCBD24980}"
EndProject
Project("{9A19103F-16F7-4668-BE54-9A1E7A4F7556}") = "PEIUModels", "..\PEIUModels\PEIUModels.csproj", "{38B44B47-7F05-4EE5-B594-92B96DF5B7EA}"
EndProject
Project("{2150E333-8FDC-42A3-9474-1A3956D46DE8}") = "Temp", "Temp", "{02007FC7-5304-4D9C-88D0-0F21E26B2110}"
EndProject
Project("{9A19103F-16F7-4668-BE54-9A1E7A4F7556}") = "ExampleCassandra", "Temp\ExampleCassandra\ExampleCassandra.csproj", "{385E8F36-2FFB-4BAA-96FC-3ADE3E2C64BD}"
EndProject
Project("{9A19103F-16F7-4668-BE54-9A1E7A4F7556}") = "WebApiService", "WebApiService\WebApiService.csproj", "{B47FA770-9DC4-4E84-B6F0-A151FBED66EF}"
EndProject
Project("{9A19103F-16F7-4668-BE54-9A1E7A4F7556}") = "MongoMapReduceExample", "Temp\MongoMapReduceExample\MongoMapReduceExample.csproj", "{287E480A-A0DB-4F55-B4C3-3E5A9E2E7761}"
EndProject
Project("{9A19103F-16F7-4668-BE54-9A1E7A4F7556}") = "MapReducingService", "MapReducingService\MapReducingService.csproj", "{8407FFD6-434D-48A1-91F8-8E97D543BD0F}"
EndProject
Project("{2150E333-8FDC-42A3-9474-1A3956D46DE8}") = "Services", "Services", "{CB8A03BE-2141-4BF1-B4F2-E47D3321E64A}"
EndProject
Project("{2150E333-8FDC-42A3-9474-1A3956D46DE8}") = "Modules", "Modules", "{162AB29C-2506-4F90-8765-FF31745F003A}"
EndProject
Project("{2150E333-8FDC-42A3-9474-1A3956D46DE8}") = "DataServices", "DataServices", "{B3D6F20B-8C55-4BF6-99B7-6CFDFE2D5098}"
EndProject
Project("{9A19103F-16F7-4668-BE54-9A1E7A4F7556}") = "DaegunMQTTSubscribe", "DataService\DaegunMQTTSubscribe\DaegunMQTTSubscribe.csproj", "{24888C67-FED2-47A3-9A84-0D5398F6D059}"
EndProject
Project("{9A19103F-16F7-4668-BE54-9A1E7A4F7556}") = "MongoCSVExport", "MongoCSVExport\MongoCSVExport.csproj", "{44F0645B-86B0-4B5B-B31E-DD2F849CB5B2}"
EndProject
Project("{E53339B2-1760-4266-BCC7-CA923CBCF16C}") = "docker-compose", "docker-compose.dcproj", "{881503D7-043A-41B0-B14C-83E926C35990}"
EndProject
Global
	GlobalSection(SolutionConfigurationPlatforms) = preSolution
		Debug|Any CPU = Debug|Any CPU
		Debug|x64 = Debug|x64
		Release|Any CPU = Release|Any CPU
		Release|x64 = Release|x64
	EndGlobalSection
	GlobalSection(ProjectConfigurationPlatforms) = postSolution
		{03A52DB1-9D1E-401C-8F0D-E4BDCBD24980}.Debug|Any CPU.ActiveCfg = Debug|Any CPU
		{03A52DB1-9D1E-401C-8F0D-E4BDCBD24980}.Debug|Any CPU.Build.0 = Debug|Any CPU
		{03A52DB1-9D1E-401C-8F0D-E4BDCBD24980}.Debug|x64.ActiveCfg = Debug|x64
		{03A52DB1-9D1E-401C-8F0D-E4BDCBD24980}.Debug|x64.Build.0 = Debug|x64
		{03A52DB1-9D1E-401C-8F0D-E4BDCBD24980}.Release|Any CPU.ActiveCfg = Release|Any CPU
		{03A52DB1-9D1E-401C-8F0D-E4BDCBD24980}.Release|Any CPU.Build.0 = Release|Any CPU
		{03A52DB1-9D1E-401C-8F0D-E4BDCBD24980}.Release|x64.ActiveCfg = Release|x64
		{03A52DB1-9D1E-401C-8F0D-E4BDCBD24980}.Release|x64.Build.0 = Release|x64
		{38B44B47-7F05-4EE5-B594-92B96DF5B7EA}.Debug|Any CPU.ActiveCfg = Debug|Any CPU
		{38B44B47-7F05-4EE5-B594-92B96DF5B7EA}.Debug|Any CPU.Build.0 = Debug|Any CPU
		{38B44B47-7F05-4EE5-B594-92B96DF5B7EA}.Debug|x64.ActiveCfg = Debug|x64
		{38B44B47-7F05-4EE5-B594-92B96DF5B7EA}.Debug|x64.Build.0 = Debug|x64
		{38B44B47-7F05-4EE5-B594-92B96DF5B7EA}.Release|Any CPU.ActiveCfg = Release|Any CPU
		{38B44B47-7F05-4EE5-B594-92B96DF5B7EA}.Release|Any CPU.Build.0 = Release|Any CPU
		{38B44B47-7F05-4EE5-B594-92B96DF5B7EA}.Release|x64.ActiveCfg = Release|x64
		{38B44B47-7F05-4EE5-B594-92B96DF5B7EA}.Release|x64.Build.0 = Release|x64
		{385E8F36-2FFB-4BAA-96FC-3ADE3E2C64BD}.Debug|Any CPU.ActiveCfg = Debug|Any CPU
		{385E8F36-2FFB-4BAA-96FC-3ADE3E2C64BD}.Debug|Any CPU.Build.0 = Debug|Any CPU
		{385E8F36-2FFB-4BAA-96FC-3ADE3E2C64BD}.Debug|x64.ActiveCfg = Debug|x64
		{385E8F36-2FFB-4BAA-96FC-3ADE3E2C64BD}.Debug|x64.Build.0 = Debug|x64
		{385E8F36-2FFB-4BAA-96FC-3ADE3E2C64BD}.Release|Any CPU.ActiveCfg = Release|Any CPU
		{385E8F36-2FFB-4BAA-96FC-3ADE3E2C64BD}.Release|Any CPU.Build.0 = Release|Any CPU
		{385E8F36-2FFB-4BAA-96FC-3ADE3E2C64BD}.Release|x64.ActiveCfg = Release|x64
		{385E8F36-2FFB-4BAA-96FC-3ADE3E2C64BD}.Release|x64.Build.0 = Release|x64
		{B47FA770-9DC4-4E84-B6F0-A151FBED66EF}.Debug|Any CPU.ActiveCfg = Debug|Any CPU
		{B47FA770-9DC4-4E84-B6F0-A151FBED66EF}.Debug|Any CPU.Build.0 = Debug|Any CPU
		{B47FA770-9DC4-4E84-B6F0-A151FBED66EF}.Debug|x64.ActiveCfg = Debug|x64
		{B47FA770-9DC4-4E84-B6F0-A151FBED66EF}.Debug|x64.Build.0 = Debug|x64
		{B47FA770-9DC4-4E84-B6F0-A151FBED66EF}.Release|Any CPU.ActiveCfg = Release|Any CPU
		{B47FA770-9DC4-4E84-B6F0-A151FBED66EF}.Release|Any CPU.Build.0 = Release|Any CPU
		{B47FA770-9DC4-4E84-B6F0-A151FBED66EF}.Release|x64.ActiveCfg = Release|x64
		{B47FA770-9DC4-4E84-B6F0-A151FBED66EF}.Release|x64.Build.0 = Release|x64
		{287E480A-A0DB-4F55-B4C3-3E5A9E2E7761}.Debug|Any CPU.ActiveCfg = Debug|Any CPU
		{287E480A-A0DB-4F55-B4C3-3E5A9E2E7761}.Debug|Any CPU.Build.0 = Debug|Any CPU
		{287E480A-A0DB-4F55-B4C3-3E5A9E2E7761}.Debug|x64.ActiveCfg = Debug|x64
		{287E480A-A0DB-4F55-B4C3-3E5A9E2E7761}.Debug|x64.Build.0 = Debug|x64
		{287E480A-A0DB-4F55-B4C3-3E5A9E2E7761}.Release|Any CPU.ActiveCfg = Release|Any CPU
		{287E480A-A0DB-4F55-B4C3-3E5A9E2E7761}.Release|Any CPU.Build.0 = Release|Any CPU
		{287E480A-A0DB-4F55-B4C3-3E5A9E2E7761}.Release|x64.ActiveCfg = Release|Any CPU
		{287E480A-A0DB-4F55-B4C3-3E5A9E2E7761}.Release|x64.Build.0 = Release|Any CPU
		{8407FFD6-434D-48A1-91F8-8E97D543BD0F}.Debug|Any CPU.ActiveCfg = Debug|Any CPU
		{8407FFD6-434D-48A1-91F8-8E97D543BD0F}.Debug|Any CPU.Build.0 = Debug|Any CPU
		{8407FFD6-434D-48A1-91F8-8E97D543BD0F}.Debug|x64.ActiveCfg = Debug|x64
		{8407FFD6-434D-48A1-91F8-8E97D543BD0F}.Debug|x64.Build.0 = Debug|x64
		{8407FFD6-434D-48A1-91F8-8E97D543BD0F}.Release|Any CPU.ActiveCfg = Release|Any CPU
		{8407FFD6-434D-48A1-91F8-8E97D543BD0F}.Release|Any CPU.Build.0 = Release|Any CPU
		{8407FFD6-434D-48A1-91F8-8E97D543BD0F}.Release|x64.ActiveCfg = Release|Any CPU
		{8407FFD6-434D-48A1-91F8-8E97D543BD0F}.Release|x64.Build.0 = Release|Any CPU
		{24888C67-FED2-47A3-9A84-0D5398F6D059}.Debug|Any CPU.ActiveCfg = Debug|Any CPU
		{24888C67-FED2-47A3-9A84-0D5398F6D059}.Debug|Any CPU.Build.0 = Debug|Any CPU
		{24888C67-FED2-47A3-9A84-0D5398F6D059}.Debug|x64.ActiveCfg = Debug|x64
		{24888C67-FED2-47A3-9A84-0D5398F6D059}.Debug|x64.Build.0 = Debug|x64
		{24888C67-FED2-47A3-9A84-0D5398F6D059}.Release|Any CPU.ActiveCfg = Release|Any CPU
		{24888C67-FED2-47A3-9A84-0D5398F6D059}.Release|Any CPU.Build.0 = Release|Any CPU
		{24888C67-FED2-47A3-9A84-0D5398F6D059}.Release|x64.ActiveCfg = Release|Any CPU
		{24888C67-FED2-47A3-9A84-0D5398F6D059}.Release|x64.Build.0 = Release|Any CPU
		{44F0645B-86B0-4B5B-B31E-DD2F849CB5B2}.Debug|Any CPU.ActiveCfg = Debug|Any CPU
		{44F0645B-86B0-4B5B-B31E-DD2F849CB5B2}.Debug|Any CPU.Build.0 = Debug|Any CPU
		{44F0645B-86B0-4B5B-B31E-DD2F849CB5B2}.Debug|x64.ActiveCfg = Debug|Any CPU
		{44F0645B-86B0-4B5B-B31E-DD2F849CB5B2}.Debug|x64.Build.0 = Debug|Any CPU
		{44F0645B-86B0-4B5B-B31E-DD2F849CB5B2}.Release|Any CPU.ActiveCfg = Release|Any CPU
		{44F0645B-86B0-4B5B-B31E-DD2F849CB5B2}.Release|Any CPU.Build.0 = Release|Any CPU
		{44F0645B-86B0-4B5B-B31E-DD2F849CB5B2}.Release|x64.ActiveCfg = Release|Any CPU
		{44F0645B-86B0-4B5B-B31E-DD2F849CB5B2}.Release|x64.Build.0 = Release|Any CPU
		{881503D7-043A-41B0-B14C-83E926C35990}.Debug|Any CPU.ActiveCfg = Debug|Any CPU
		{881503D7-043A-41B0-B14C-83E926C35990}.Debug|Any CPU.Build.0 = Debug|Any CPU
		{881503D7-043A-41B0-B14C-83E926C35990}.Debug|x64.ActiveCfg = Debug|Any CPU
		{881503D7-043A-41B0-B14C-83E926C35990}.Debug|x64.Build.0 = Debug|Any CPU
		{881503D7-043A-41B0-B14C-83E926C35990}.Release|Any CPU.ActiveCfg = Release|Any CPU
		{881503D7-043A-41B0-B14C-83E926C35990}.Release|Any CPU.Build.0 = Release|Any CPU
		{881503D7-043A-41B0-B14C-83E926C35990}.Release|x64.ActiveCfg = Release|Any CPU
		{881503D7-043A-41B0-B14C-83E926C35990}.Release|x64.Build.0 = Release|Any CPU
	EndGlobalSection
	GlobalSection(SolutionProperties) = preSolution
		HideSolutionNode = FALSE
	EndGlobalSection
	GlobalSection(NestedProjects) = preSolution
		{03A52DB1-9D1E-401C-8F0D-E4BDCBD24980} = {162AB29C-2506-4F90-8765-FF31745F003A}
		{38B44B47-7F05-4EE5-B594-92B96DF5B7EA} = {162AB29C-2506-4F90-8765-FF31745F003A}
		{385E8F36-2FFB-4BAA-96FC-3ADE3E2C64BD} = {02007FC7-5304-4D9C-88D0-0F21E26B2110}
		{B47FA770-9DC4-4E84-B6F0-A151FBED66EF} = {CB8A03BE-2141-4BF1-B4F2-E47D3321E64A}
		{287E480A-A0DB-4F55-B4C3-3E5A9E2E7761} = {02007FC7-5304-4D9C-88D0-0F21E26B2110}
		{8407FFD6-434D-48A1-91F8-8E97D543BD0F} = {CB8A03BE-2141-4BF1-B4F2-E47D3321E64A}
		{24888C67-FED2-47A3-9A84-0D5398F6D059} = {B3D6F20B-8C55-4BF6-99B7-6CFDFE2D5098}
		{44F0645B-86B0-4B5B-B31E-DD2F849CB5B2} = {02007FC7-5304-4D9C-88D0-0F21E26B2110}
	EndGlobalSection
	GlobalSection(ExtensibilityGlobals) = postSolution
		SolutionGuid = {56B88DD4-7D56-40EF-8599-7FC5D2EC9128}
	EndGlobalSection
EndGlobal
